
Microsoft Visual Studio Solution File, Format Version 12.00
# Visual Studio 15
VisualStudioVersion = 15.0.27428.2027
MinimumVisualStudioVersion = 10.0.40219.1
Project("{FAE04EC0-301F-11D3-BF4B-00C04F79EFBC}") = "Tutorial9-2", "Tutorial9-2\Tutorial9-2.csproj", "{B2F9B28A-BF2B-4825-9D2E-F15529CCF989}"
EndProject
Global
	GlobalSection(SolutionConfigurationPlatforms) = preSolution
		Debug|Any CPU = Debug|Any CPU
		Release|Any CPU = Release|Any CPU
	EndGlobalSection
	GlobalSection(ProjectConfigurationPlatforms) = postSolution
		{B2F9B28A-BF2B-4825-9D2E-F15529CCF989}.Debug|Any CPU.ActiveCfg = Debug|Any CPU
		{B2F9B28A-BF2B-4825-9D2E-F15529CCF989}.Debug|Any CPU.Build.0 = Debug|Any CPU
		{B2F9B28A-BF2B-4825-9D2E-F15529CCF989}.Release|Any CPU.ActiveCfg = Release|Any CPU
		{B2F9B28A-BF2B-4825-9D2E-F15529CCF989}.Release|Any CPU.Build.0 = Release|Any CPU
	EndGlobalSection
	GlobalSection(SolutionProperties) = preSolution
		HideSolutionNode = FALSE
	EndGlobalSection
	GlobalSection(ExtensibilityGlobals) = postSolution
		SolutionGuid = {3B11D683-914F-49F9-9549-9F73248077F5}
	EndGlobalSection
EndGlobal
