
Microsoft Visual Studio Solution File, Format Version 12.00
# Visual Studio 15
VisualStudioVersion = 15.0.27428.2027
MinimumVisualStudioVersion = 10.0.40219.1
Project("{FAE04EC0-301F-11D3-BF4B-00C04F79EFBC}") = "Tutorial9-3", "Tutorial9-3\Tutorial9-3.csproj", "{911B8CE4-17E1-4960-B6A8-724E03770296}"
EndProject
Global
	GlobalSection(SolutionConfigurationPlatforms) = preSolution
		Debug|Any CPU = Debug|Any CPU
		Release|Any CPU = Release|Any CPU
	EndGlobalSection
	GlobalSection(ProjectConfigurationPlatforms) = postSolution
		{911B8CE4-17E1-4960-B6A8-724E03770296}.Debug|Any CPU.ActiveCfg = Debug|Any CPU
		{911B8CE4-17E1-4960-B6A8-724E03770296}.Debug|Any CPU.Build.0 = Debug|Any CPU
		{911B8CE4-17E1-4960-B6A8-724E03770296}.Release|Any CPU.ActiveCfg = Release|Any CPU
		{911B8CE4-17E1-4960-B6A8-724E03770296}.Release|Any CPU.Build.0 = Release|Any CPU
	EndGlobalSection
	GlobalSection(SolutionProperties) = preSolution
		HideSolutionNode = FALSE
	EndGlobalSection
	GlobalSection(ExtensibilityGlobals) = postSolution
		SolutionGuid = {44D37DAB-DE9A-43DF-B471-7CCA6848BA05}
	EndGlobalSection
EndGlobal
